{
  "version": 4,
  "terraform_version": "0.12.26",
  "serial": 1,
  "lineage": "20cbe011-8e2d-194e-8067-98ecbd6a4744",
  "outputs": {},
  "resources": [
    {
      "module": "module.lambdas",
      "mode": "data",
      "type": "aws_iam_policy_document",
      "name": "assume_role",
      "provider": "provider.aws",
      "instances": [
        {
          "schema_version": 0,
          "attributes": {
            "id": "3693445097",
            "json": "{\n  \"Version\": \"2012-10-17\",\n  \"Statement\": [\n    {\n      \"Sid\": \"\",\n      \"Effect\": \"Allow\",\n      \"Action\": \"sts:AssumeRole\",\n      \"Principal\": {\n        \"Service\": \"lambda.amazonaws.com\"\n      }\n    }\n  ]\n}",
            "override_json": null,
            "policy_id": null,
            "source_json": null,
            "statement": [
              {
                "actions": [
                  "sts:AssumeRole"
                ],
                "condition": [],
                "effect": "Allow",
                "not_actions": [],
                "not_principals": [],
                "not_resources": [],
                "principals": [
                  {
                    "identifiers": [
                      "lambda.amazonaws.com"
                    ],
                    "type": "Service"
                  }
                ],
                "resources": [],
                "sid": ""
              }
            ],
            "version": "2012-10-17"
          }
        }
      ]
    },
    {
      "module": "module.lambdas",
      "mode": "managed",
      "type": "aws_iam_role",
      "name": "lambda",
      "each": "map",
      "provider": "provider.aws",
      "instances": [
        {
          "index_key": "index",
          "schema_version": 0,
          "attributes": {
            "arn": "arn:aws:iam::161692622609:role/index",
            "assume_role_policy": "{\"Version\":\"2012-10-17\",\"Statement\":[{\"Sid\":\"\",\"Effect\":\"Allow\",\"Principal\":{\"Service\":\"lambda.amazonaws.com\"},\"Action\":\"sts:AssumeRole\"}]}",
            "create_date": "2020-06-20T16:26:35Z",
            "description": "Managed by Terraform-next.js",
            "force_detach_policies": false,
            "id": "index",
            "max_session_duration": 3600,
            "name": "index",
            "name_prefix": null,
            "path": "/",
            "permissions_boundary": null,
            "tags": null,
            "unique_id": "AROASLJNBT4IXUD4M5MDM"
          },
          "private": "bnVsbA=="
        }
      ]
    },
    {
      "module": "module.lambdas",
      "mode": "managed",
      "type": "aws_lambda_function",
      "name": "this",
      "each": "map",
      "provider": "provider.aws",
      "instances": []
    }
  ]
}
